// !$*UTF8*$!
{
	archiveVersion = 1;
	classes = {
	};
	objectVersion = 50;
	objects = {

/* Begin PBXBuildFile section */
		01645F1D211E43880076E466 /* AppDelegate.swift in Sources */ = {isa = PBXBuildFile; fileRef = 01645F1C211E43880076E466 /* AppDelegate.swift */; };
		01645F1F211E43880076E466 /* ViewController.swift in Sources */ = {isa = PBXBuildFile; fileRef = 01645F1E211E43880076E466 /* ViewController.swift */; };
		01645F22211E43880076E466 /* Main.storyboard in Resources */ = {isa = PBXBuildFile; fileRef = 01645F20211E43880076E466 /* Main.storyboard */; };
		01645F24211E438A0076E466 /* Assets.xcassets in Resources */ = {isa = PBXBuildFile; fileRef = 01645F23211E438A0076E466 /* Assets.xcassets */; };
		01645F27211E438A0076E466 /* LaunchScreen.storyboard in Resources */ = {isa = PBXBuildFile; fileRef = 01645F25211E438A0076E466 /* LaunchScreen.storyboard */; };
		01645F32211E438A0076E466 /* iMatchTests.swift in Sources */ = {isa = PBXBuildFile; fileRef = 01645F31211E438A0076E466 /* iMatchTests.swift */; };
		01645F3D211E438A0076E466 /* iMatchUITests.swift in Sources */ = {isa = PBXBuildFile; fileRef = 01645F3C211E438A0076E466 /* iMatchUITests.swift */; };
/* End PBXBuildFile section */

/* Begin PBXContainerItemProxy section */
		01645F2E211E438A0076E466 /* PBXContainerItemProxy */ = {
			isa = PBXContainerItemProxy;
			containerPortal = 01645F11211E43880076E466 /* Project object */;
			proxyType = 1;
			remoteGlobalIDString = 01645F18211E43880076E466;
			remoteInfo = iMatch;
		};
		01645F39211E438A0076E466 /* PBXContainerItemProxy */ = {
			isa = PBXContainerItemProxy;
			containerPortal = 01645F11211E43880076E466 /* Project object */;
			proxyType = 1;
			remoteGlobalIDString = 01645F18211E43880076E466;
			remoteInfo = iMatch;
		};
/* End PBXContainerItemProxy section */

/* Begin PBXFileReference section */
		01645F19211E43880076E466 /* iMatch.app */ = {isa = PBXFileReference; explicitFileType = wrapper.application; includeInIndex = 0; path = iMatch.app; sourceTree = BUILT_PRODUCTS_DIR; };
		01645F1C211E43880076E466 /* AppDelegate.swift */ = {isa = PBXFileReference; lastKnownFileType = sourcecode.swift; path = AppDelegate.swift; sourceTree = "<group>"; };
		01645F1E211E43880076E466 /* ViewController.swift */ = {isa = PBXFileReference; lastKnownFileType = sourcecode.swift; path = ViewController.swift; sourceTree = "<group>"; };
		01645F21211E43880076E466 /* Base */ = {isa = PBXFileReference; lastKnownFileType = file.storyboard; name = Base; path = Base.lproj/Main.storyboard; sourceTree = "<group>"; };
		01645F23211E438A0076E466 /* Assets.xcassets */ = {isa = PBXFileReference; lastKnownFileType = folder.assetcatalog; path = Assets.xcassets; sourceTree = "<group>"; };
		01645F26211E438A0076E466 /* Base */ = {isa = PBXFileReference; lastKnownFileType = file.storyboard; name = Base; path = Base.lproj/LaunchScreen.storyboard; sourceTree = "<group>"; };
		01645F28211E438A0076E466 /* Info.plist */ = {isa = PBXFileReference; lastKnownFileType = text.plist.xml; path = Info.plist; sourceTree = "<group>"; };
		01645F2D211E438A0076E466 /* iMatchTests.xctest */ = {isa = PBXFileReference; explicitFileType = wrapper.cfbundle; includeInIndex = 0; path = iMatchTests.xctest; sourceTree = BUILT_PRODUCTS_DIR; };
		01645F31211E438A0076E466 /* iMatchTests.swift */ = {isa = PBXFileReference; lastKnownFileType = sourcecode.swift; path = iMatchTests.swift; sourceTree = "<group>"; };
		01645F33211E438A0076E466 /* Info.plist */ = {isa = PBXFileReference; lastKnownFileType = text.plist.xml; path = Info.plist; sourceTree = "<group>"; };
		01645F38211E438A0076E466 /* iMatchUITests.xctest */ = {isa = PBXFileReference; explicitFileType = wrapper.cfbundle; includeInIndex = 0; path = iMatchUITests.xctest; sourceTree = BUILT_PRODUCTS_DIR; };
		01645F3C211E438A0076E466 /* iMatchUITests.swift */ = {isa = PBXFileReference; lastKnownFileType = sourcecode.swift; path = iMatchUITests.swift; sourceTree = "<group>"; };
		01645F3E211E438A0076E466 /* Info.plist */ = {isa = PBXFileReference; lastKnownFileType = text.plist.xml; path = Info.plist; sourceTree = "<group>"; };
/* End PBXFileReference section */

/* Begin PBXFrameworksBuildPhase section */
		01645F16211E43880076E466 /* Frameworks */ = {
			isa = PBXFrameworksBuildPhase;
			buildActionMask = 2147483647;
			files = (
			);
			runOnlyForDeploymentPostprocessing = 0;
		};
		01645F2A211E438A0076E466 /* Frameworks */ = {
			isa = PBXFrameworksBuildPhase;
			buildActionMask = 2147483647;
			files = (
			);
			runOnlyForDeploymentPostprocessing = 0;
		};
		01645F35211E438A0076E466 /* Frameworks */ = {
			isa = PBXFrameworksBuildPhase;
			buildActionMask = 2147483647;
			files = (
			);
			runOnlyForDeploymentPostprocessing = 0;
		};
/* End PBXFrameworksBuildPhase section */

/* Begin PBXGroup section */
		01645F10211E43880076E466 = {
			isa = PBXGroup;
			children = (
				01645F1B211E43880076E466 /* iMatch */,
				01645F30211E438A0076E466 /* iMatchTests */,
				01645F3B211E438A0076E466 /* iMatchUITests */,
				01645F1A211E43880076E466 /* Products */,
			);
			sourceTree = "<group>";
		};
		01645F1A211E43880076E466 /* Products */ = {
			isa = PBXGroup;
			children = (
				01645F19211E43880076E466 /* iMatch.app */,
				01645F2D211E438A0076E466 /* iMatchTests.xctest */,
				01645F38211E438A0076E466 /* iMatchUITests.xctest */,
			);
			name = Products;
			sourceTree = "<group>";
		};
		01645F1B211E43880076E466 /* iMatch */ = {
			isa = PBXGroup;
			children = (
				01645F1C211E43880076E466 /* AppDelegate.swift */,
				01645F1E211E43880076E466 /* ViewController.swift */,
				01645F20211E43880076E466 /* Main.storyboard */,
				01645F23211E438A0076E466 /* Assets.xcassets */,
				01645F25211E438A0076E466 /* LaunchScreen.storyboard */,
				01645F28211E438A0076E466 /* Info.plist */,
			);
			path = iMatch;
			sourceTree = "<group>";
		};
		01645F30211E438A0076E466 /* iMatchTests */ = {
			isa = PBXGroup;
			children = (
				01645F31211E438A0076E466 /* iMatchTests.swift */,
				01645F33211E438A0076E466 /* Info.plist */,
			);
			path = iMatchTests;
			sourceTree = "<group>";
		};
		01645F3B211E438A0076E466 /* iMatchUITests */ = {
			isa = PBXGroup;
			children = (
				01645F3C211E438A0076E466 /* iMatchUITests.swift */,
				01645F3E211E438A0076E466 /* Info.plist */,
			);
			path = iMatchUITests;
			sourceTree = "<group>";
		};
/* End PBXGroup section */

/* Begin PBXNativeTarget section */
		01645F18211E43880076E466 /* iMatch */ = {
			isa = PBXNativeTarget;
			buildConfigurationList = 01645F41211E438A0076E466 /* Build configuration list for PBXNativeTarget "iMatch" */;
			buildPhases = (
				01645F15211E43880076E466 /* Sources */,
				01645F16211E43880076E466 /* Frameworks */,
				01645F17211E43880076E466 /* Resources */,
			);
			buildRules = (
			);
			dependencies = (
			);
			name = iMatch;
			productName = iMatch;
			productReference = 01645F19211E43880076E466 /* iMatch.app */;
			productType = "com.apple.product-type.application";
		};
		01645F2C211E438A0076E466 /* iMatchTests */ = {
			isa = PBXNativeTarget;
			buildConfigurationList = 01645F44211E438A0076E466 /* Build configuration list for PBXNativeTarget "iMatchTests" */;
			buildPhases = (
				01645F29211E438A0076E466 /* Sources */,
				01645F2A211E438A0076E466 /* Frameworks */,
				01645F2B211E438A0076E466 /* Resources */,
			);
			buildRules = (
			);
			dependencies = (
				01645F2F211E438A0076E466 /* PBXTargetDependency */,
			);
			name = iMatchTests;
			productName = iMatchTests;
			productReference = 01645F2D211E438A0076E466 /* iMatchTests.xctest */;
			productType = "com.apple.product-type.bundle.unit-test";
		};
		01645F37211E438A0076E466 /* iMatchUITests */ = {
			isa = PBXNativeTarget;
			buildConfigurationList = 01645F47211E438A0076E466 /* Build configuration list for PBXNativeTarget "iMatchUITests" */;
			buildPhases = (
				01645F34211E438A0076E466 /* Sources */,
				01645F35211E438A0076E466 /* Frameworks */,
				01645F36211E438A0076E466 /* Resources */,
			);
			buildRules = (
			);
			dependencies = (
				01645F3A211E438A0076E466 /* PBXTargetDependency */,
			);
			name = iMatchUITests;
			productName = iMatchUITests;
			productReference = 01645F38211E438A0076E466 /* iMatchUITests.xctest */;
			productType = "com.apple.product-type.bundle.ui-testing";
		};
/* End PBXNativeTarget section */

/* Begin PBXProject section */
		01645F11211E43880076E466 /* Project object */ = {
			isa = PBXProject;
			attributes = {
				LastSwiftUpdateCheck = 0940;
				LastUpgradeCheck = 0940;
				ORGANIZATIONNAME = "Iwan Siauw";
				TargetAttributes = {
					01645F18211E43880076E466 = {
						CreatedOnToolsVersion = 9.4.1;
					};
					01645F2C211E438A0076E466 = {
						CreatedOnToolsVersion = 9.4.1;
						TestTargetID = 01645F18211E43880076E466;
					};
					01645F37211E438A0076E466 = {
						CreatedOnToolsVersion = 9.4.1;
						TestTargetID = 01645F18211E43880076E466;
					};
				};
			};
			buildConfigurationList = 01645F14211E43880076E466 /* Build configuration list for PBXProject "iMatch" */;
			compatibilityVersion = "Xcode 9.3";
			developmentRegion = en;
			hasScannedForEncodings = 0;
			knownRegions = (
				en,
				Base,
			);
			mainGroup = 01645F10211E43880076E466;
			productRefGroup = 01645F1A211E43880076E466 /* Products */;
			projectDirPath = "";
			projectRoot = "";
			targets = (
				01645F18211E43880076E466 /* iMatch */,
				01645F2C211E438A0076E466 /* iMatchTests */,
				01645F37211E438A0076E466 /* iMatchUITests */,
			);
		};
/* End PBXProject section */

/* Begin PBXResourcesBuildPhase section */
		01645F17211E43880076E466 /* Resources */ = {
			isa = PBXResourcesBuildPhase;
			buildActionMask = 2147483647;
			files = (
				01645F27211E438A0076E466 /* LaunchScreen.storyboard in Resources */,
				01645F24211E438A0076E466 /* Assets.xcassets in Resources */,
				01645F22211E43880076E466 /* Main.storyboard in Resources */,
			);
			runOnlyForDeploymentPostprocessing = 0;
		};
		01645F2B211E438A0076E466 /* Resources */ = {
			isa = PBXResourcesBuildPhase;
			buildActionMask = 2147483647;
			files = (
			);
			runOnlyForDeploymentPostprocessing = 0;
		};
		01645F36211E438A0076E466 /* Resources */ = {
			isa = PBXResourcesBuildPhase;
			buildActionMask = 2147483647;
			files = (
			);
			runOnlyForDeploymentPostprocessing = 0;
		};
/* End PBXResourcesBuildPhase section */

/* Begin PBXSourcesBuildPhase section */
		01645F15211E43880076E466 /* Sources */ = {
			isa = PBXSourcesBuildPhase;
			buildActionMask = 2147483647;
			files = (
				01645F1F211E43880076E466 /* ViewController.swift in Sources */,
				01645F1D211E43880076E466 /* AppDelegate.swift in Sources */,
			);
			runOnlyForDeploymentPostprocessing = 0;
		};
		01645F29211E438A0076E466 /* Sources */ = {
			isa = PBXSourcesBuildPhase;
			buildActionMask = 2147483647;
			files = (
				01645F32211E438A0076E466 /* iMatchTests.swift in Sources */,
			);
			runOnlyForDeploymentPostprocessing = 0;
		};
		01645F34211E438A0076E466 /* Sources */ = {
			isa = PBXSourcesBuildPhase;
			buildActionMask = 2147483647;
			files = (
				01645F3D211E438A0076E466 /* iMatchUITests.swift in Sources */,
			);
			runOnlyForDeploymentPostprocessing = 0;
		};
/* End PBXSourcesBuildPhase section */

/* Begin PBXTargetDependency section */
		01645F2F211E438A0076E466 /* PBXTargetDependency */ = {
			isa = PBXTargetDependency;
			target = 01645F18211E43880076E466 /* iMatch */;
			targetProxy = 01645F2E211E438A0076E466 /* PBXContainerItemProxy */;
		};
		01645F3A211E438A0076E466 /* PBXTargetDependency */ = {
			isa = PBXTargetDependency;
			target = 01645F18211E43880076E466 /* iMatch */;
			targetProxy = 01645F39211E438A0076E466 /* PBXContainerItemProxy */;
		};
/* End PBXTargetDependency section */

/* Begin PBXVariantGroup section */
		01645F20211E43880076E466 /* Main.storyboard */ = {
			isa = PBXVariantGroup;
			children = (
				01645F21211E43880076E466 /* Base */,
			);
			name = Main.storyboard;
			sourceTree = "<group>";
		};
		01645F25211E438A0076E466 /* LaunchScreen.storyboard */ = {
			isa = PBXVariantGroup;
			children = (
				01645F26211E438A0076E466 /* Base */,
			);
			name = LaunchScreen.storyboard;
			sourceTree = "<group>";
		};
/* End PBXVariantGroup section */

/* Begin XCBuildConfiguration section */
		01645F3F211E438A0076E466 /* Debug */ = {
			isa = XCBuildConfiguration;
			buildSettings = {
				ALWAYS_SEARCH_USER_PATHS = NO;
				CLANG_ANALYZER_NONNULL = YES;
				CLANG_ANALYZER_NUMBER_OBJECT_CONVERSION = YES_AGGRESSIVE;
				CLANG_CXX_LANGUAGE_STANDARD = "gnu++14";
				CLANG_CXX_LIBRARY = "libc++";
				CLANG_ENABLE_MODULES = YES;
				CLANG_ENABLE_OBJC_ARC = YES;
				CLANG_ENABLE_OBJC_WEAK = YES;
				CLANG_WARN_BLOCK_CAPTURE_AUTORELEASING = YES;
				CLANG_WARN_BOOL_CONVERSION = YES;
				CLANG_WARN_COMMA = YES;
				CLANG_WARN_CONSTANT_CONVERSION = YES;
				CLANG_WARN_DEPRECATED_OBJC_IMPLEMENTATIONS = YES;
				CLANG_WARN_DIRECT_OBJC_ISA_USAGE = YES_ERROR;
				CLANG_WARN_DOCUMENTATION_COMMENTS = YES;
				CLANG_WARN_EMPTY_BODY = YES;
				CLANG_WARN_ENUM_CONVERSION = YES;
				CLANG_WARN_INFINITE_RECURSION = YES;
				CLANG_WARN_INT_CONVERSION = YES;
				CLANG_WARN_NON_LITERAL_NULL_CONVERSION = YES;
				CLANG_WARN_OBJC_IMPLICIT_RETAIN_SELF = YES;
				CLANG_WARN_OBJC_LITERAL_CONVERSION = YES;
				CLANG_WARN_OBJC_ROOT_CLASS = YES_ERROR;
				CLANG_WARN_RANGE_LOOP_ANALYSIS = YES;
				CLANG_WARN_STRICT_PROTOTYPES = YES;
				CLANG_WARN_SUSPICIOUS_MOVE = YES;
				CLANG_WARN_UNGUARDED_AVAILABILITY = YES_AGGRESSIVE;
				CLANG_WARN_UNREACHABLE_CODE = YES;
				CLANG_WARN__DUPLICATE_METHOD_MATCH = YES;
				CODE_SIGN_IDENTITY = "iPhone Developer";
				COPY_PHASE_STRIP = NO;
				DEBUG_INFORMATION_FORMAT = dwarf;
				ENABLE_STRICT_OBJC_MSGSEND = YES;
				ENABLE_TESTABILITY = YES;
				GCC_C_LANGUAGE_STANDARD = gnu11;
				GCC_DYNAMIC_NO_PIC = NO;
				GCC_NO_COMMON_BLOCKS = YES;
				GCC_OPTIMIZATION_LEVEL = 0;
				GCC_PREPROCESSOR_DEFINITIONS = (
					"DEBUG=1",
					"$(inherited)",
				);
				GCC_WARN_64_TO_32_BIT_CONVERSION = YES;
				GCC_WARN_ABOUT_RETURN_TYPE = YES_ERROR;
				GCC_WARN_UNDECLARED_SELECTOR = YES;
				GCC_WARN_UNINITIALIZED_AUTOS = YES_AGGRESSIVE;
				GCC_WARN_UNUSED_FUNCTION = YES;
				GCC_WARN_UNUSED_VARIABLE = YES;
				IPHONEOS_DEPLOYMENT_TARGET = 11.4;
				MTL_ENABLE_DEBUG_INFO = YES;
				ONLY_ACTIVE_ARCH = YES;
				SDKROOT = iphoneos;
				SWIFT_ACTIVE_COMPILATION_CONDITIONS = DEBUG;
				SWIFT_OPTIMIZATION_LEVEL = "-Onone";
			};
			name = Debug;
		};
		01645F40211E438A0076E466 /* Release */ = {
			isa = XCBuildConfiguration;
			buildSettings = {
				ALWAYS_SEARCH_USER_PATHS = NO;
				CLANG_ANALYZER_NONNULL = YES;
				CLANG_ANALYZER_NUMBER_OBJECT_CONVERSION = YES_AGGRESSIVE;
				CLANG_CXX_LANGUAGE_STANDARD = "gnu++14";
				CLANG_CXX_LIBRARY = "libc++";
				CLANG_ENABLE_MODULES = YES;
				CLANG_ENABLE_OBJC_ARC = YES;
				CLANG_ENABLE_OBJC_WEAK = YES;
				CLANG_WARN_BLOCK_CAPTURE_AUTORELEASING = YES;
				CLANG_WARN_BOOL_CONVERSION = YES;
				CLANG_WARN_COMMA = YES;
				CLANG_WARN_CONSTANT_CONVERSION = YES;
				CLANG_WARN_DEPRECATED_OBJC_IMPLEMENTATIONS = YES;
				CLANG_WARN_DIRECT_OBJC_ISA_USAGE = YES_ERROR;
				CLANG_WARN_DOCUMENTATION_COMMENTS = YES;
				CLANG_WARN_EMPTY_BODY = YES;
				CLANG_WARN_ENUM_CONVERSION = YES;
				CLANG_WARN_INFINITE_RECURSION = YES;
				CLANG_WARN_INT_CONVERSION = YES;
				CLANG_WARN_NON_LITERAL_NULL_CONVERSION = YES;
				CLANG_WARN_OBJC_IMPLICIT_RETAIN_SELF = YES;
				CLANG_WARN_OBJC_LITERAL_CONVERSION = YES;
				CLANG_WARN_OBJC_ROOT_CLASS = YES_ERROR;
				CLANG_WARN_RANGE_LOOP_ANALYSIS = YES;
				CLANG_WARN_STRICT_PROTOTYPES = YES;
				CLANG_WARN_SUSPICIOUS_MOVE = YES;
				CLANG_WARN_UNGUARDED_AVAILABILITY = YES_AGGRESSIVE;
				CLANG_WARN_UNREACHABLE_CODE = YES;
				CLANG_WARN__DUPLICATE_METHOD_MATCH = YES;
				CODE_SIGN_IDENTITY = "iPhone Developer";
				COPY_PHASE_STRIP = NO;
				DEBUG_INFORMATION_FORMAT = "dwarf-with-dsym";
				ENABLE_NS_ASSERTIONS = NO;
				ENABLE_STRICT_OBJC_MSGSEND = YES;
				GCC_C_LANGUAGE_STANDARD = gnu11;
				GCC_NO_COMMON_BLOCKS = YES;
				GCC_WARN_64_TO_32_BIT_CONVERSION = YES;
				GCC_WARN_ABOUT_RETURN_TYPE = YES_ERROR;
				GCC_WARN_UNDECLARED_SELECTOR = YES;
				GCC_WARN_UNINITIALIZED_AUTOS = YES_AGGRESSIVE;
				GCC_WARN_UNUSED_FUNCTION = YES;
				GCC_WARN_UNUSED_VARIABLE = YES;
				IPHONEOS_DEPLOYMENT_TARGET = 11.4;
				MTL_ENABLE_DEBUG_INFO = NO;
				SDKROOT = iphoneos;
				SWIFT_COMPILATION_MODE = wholemodule;
				SWIFT_OPTIMIZATION_LEVEL = "-O";
				VALIDATE_PRODUCT = YES;
			};
			name = Release;
		};
		01645F42211E438A0076E466 /* Debug */ = {
			isa = XCBuildConfiguration;
			buildSettings = {
				ASSETCATALOG_COMPILER_APPICON_NAME = AppIcon;
				CODE_SIGN_STYLE = Automatic;
				INFOPLIST_FILE = iMatch/Info.plist;
				LD_RUNPATH_SEARCH_PATHS = (
					"$(inherited)",
					"@executable_path/Frameworks",
				);
				PRODUCT_BUNDLE_IDENTIFIER = "evans-company.iMatch";
				PRODUCT_NAME = "$(TARGET_NAME)";
				SWIFT_VERSION = 4.0;
				TARGETED_DEVICE_FAMILY = "1,2";
			};
			name = Debug;
		};
		01645F43211E438A0076E466 /* Release */ = {
			isa = XCBuildConfiguration;
			buildSettings = {
				ASSETCATALOG_COMPILER_APPICON_NAME = AppIcon;
				CODE_SIGN_STYLE = Automatic;
				INFOPLIST_FILE = iMatch/Info.plist;
				LD_RUNPATH_SEARCH_PATHS = (
					"$(inherited)",
					"@executable_path/Frameworks",
				);
				PRODUCT_BUNDLE_IDENTIFIER = "evans-company.iMatch";
				PRODUCT_NAME = "$(TARGET_NAME)";
				SWIFT_VERSION = 4.0;
				TARGETED_DEVICE_FAMILY = "1,2";
			};
			name = Release;
		};
		01645F45211E438A0076E466 /* Debug */ = {
			isa = XCBuildConfiguration;
			buildSettings = {
				ALWAYS_EMBED_SWIFT_STANDARD_LIBRARIES = YES;
				BUNDLE_LOADER = "$(TEST_HOST)";
				CODE_SIGN_STYLE = Automatic;
				INFOPLIST_FILE = iMatchTests/Info.plist;
				LD_RUNPATH_SEARCH_PATHS = (
					"$(inherited)",
					"@executable_path/Frameworks",
					"@loader_path/Frameworks",
				);
				PRODUCT_BUNDLE_IDENTIFIER = "evans-company.iMatchTests";
				PRODUCT_NAME = "$(TARGET_NAME)";
				SWIFT_VERSION = 4.0;
				TARGETED_DEVICE_FAMILY = "1,2";
				TEST_HOST = "$(BUILT_PRODUCTS_DIR)/iMatch.app/iMatch";
			};
			name = Debug;
		};
		01645F46211E438A0076E466 /* Release */ = {
			isa = XCBuildConfiguration;
			buildSettings = {
				ALWAYS_EMBED_SWIFT_STANDARD_LIBRARIES = YES;
				BUNDLE_LOADER = "$(TEST_HOST)";
				CODE_SIGN_STYLE = Automatic;
				INFOPLIST_FILE = iMatchTests/Info.plist;
				LD_RUNPATH_SEARCH_PATHS = (
					"$(inherited)",
					"@executable_path/Frameworks",
					"@loader_path/Frameworks",
				);
				PRODUCT_BUNDLE_IDENTIFIER = "evans-company.iMatchTests";
				PRODUCT_NAME = "$(TARGET_NAME)";
				SWIFT_VERSION = 4.0;
				TARGETED_DEVICE_FAMILY = "1,2";
				TEST_HOST = "$(BUILT_PRODUCTS_DIR)/iMatch.app/iMatch";
			};
			name = Release;
		};
		01645F48211E438A0076E466 /* Debug */ = {
			isa = XCBuildConfiguration;
			buildSettings = {
				ALWAYS_EMBED_SWIFT_STANDARD_LIBRARIES = YES;
				CODE_SIGN_STYLE = Automatic;
				INFOPLIST_FILE = iMatchUITests/Info.plist;
				LD_RUNPATH_SEARCH_PATHS = (
					"$(inherited)",
					"@executable_path/Frameworks",
					"@loader_path/Frameworks",
				);
				PRODUCT_BUNDLE_IDENTIFIER = "evans-company.iMatchUITests";
				PRODUCT_NAME = "$(TARGET_NAME)";
				SWIFT_VERSION = 4.0;
				TARGETED_DEVICE_FAMILY = "1,2";
				TEST_TARGET_NAME = iMatch;
			};
			name = Debug;
		};
		01645F49211E438A0076E466 /* Release */ = {
			isa = XCBuildConfiguration;
			buildSettings = {
				ALWAYS_EMBED_SWIFT_STANDARD_LIBRARIES = YES;
				CODE_SIGN_STYLE = Automatic;
				INFOPLIST_FILE = iMatchUITests/Info.plist;
				LD_RUNPATH_SEARCH_PATHS = (
					"$(inherited)",
					"@executable_path/Frameworks",
					"@loader_path/Frameworks",
				);
				PRODUCT_BUNDLE_IDENTIFIER = "evans-company.iMatchUITests";
				PRODUCT_NAME = "$(TARGET_NAME)";
				SWIFT_VERSION = 4.0;
				TARGETED_DEVICE_FAMILY = "1,2";
				TEST_TARGET_NAME = iMatch;
			};
			name = Release;
		};
/* End XCBuildConfiguration section */

/* Begin XCConfigurationList section */
		01645F14211E43880076E466 /* Build configuration list for PBXProject "iMatch" */ = {
			isa = XCConfigurationList;
			buildConfigurations = (
				01645F3F211E438A0076E466 /* Debug */,
				01645F40211E438A0076E466 /* Release */,
			);
			defaultConfigurationIsVisible = 0;
			defaultConfigurationName = Release;
		};
		01645F41211E438A0076E466 /* Build configuration list for PBXNativeTarget "iMatch" */ = {
			isa = XCConfigurationList;
			buildConfigurations = (
				01645F42211E438A0076E466 /* Debug */,
				01645F43211E438A0076E466 /* Release */,
			);
			defaultConfigurationIsVisible = 0;
			defaultConfigurationName = Release;
		};
		01645F44211E438A0076E466 /* Build configuration list for PBXNativeTarget "iMatchTests" */ = {
			isa = XCConfigurationList;
			buildConfigurations = (
				01645F45211E438A0076E466 /* Debug */,
				01645F46211E438A0076E466 /* Release */,
			);
			defaultConfigurationIsVisible = 0;
			defaultConfigurationName = Release;
		};
		01645F47211E438A0076E466 /* Build configuration list for PBXNativeTarget "iMatchUITests" */ = {
			isa = XCConfigurationList;
			buildConfigurations = (
				01645F48211E438A0076E466 /* Debug */,
				01645F49211E438A0076E466 /* Release */,
			);
			defaultConfigurationIsVisible = 0;
			defaultConfigurationName = Release;
		};
/* End XCConfigurationList section */
	};
	rootObject = 01645F11211E43880076E466 /* Project object */;
}
